
Microsoft Visual Studio Solution File, Format Version 12.00
# Visual Studio 15
VisualStudioVersion = 15.0.28307.421
MinimumVisualStudioVersion = 10.0.40219.1
Project("{FAE04EC0-301F-11D3-BF4B-00C04F79EFBC}") = "WER2019Tool", "WER2019Tool.csproj", "{5360E110-F25A-4D33-837D-BFDC20328BFF}"
EndProject
Global
	GlobalSection(SolutionConfigurationPlatforms) = preSolution
		Debug|Any CPU = Debug|Any CPU
		Release|Any CPU = Release|Any CPU
	EndGlobalSection
	GlobalSection(ProjectConfigurationPlatforms) = postSolution
		{5360E110-F25A-4D33-837D-BFDC20328BFF}.Debug|Any CPU.ActiveCfg = Debug|Any CPU
		{5360E110-F25A-4D33-837D-BFDC20328BFF}.Debug|Any CPU.Build.0 = Debug|Any CPU
		{5360E110-F25A-4D33-837D-BFDC20328BFF}.Release|Any CPU.ActiveCfg = Release|Any CPU
		{5360E110-F25A-4D33-837D-BFDC20328BFF}.Release|Any CPU.Build.0 = Release|Any CPU
	EndGlobalSection
	GlobalSection(SolutionProperties) = preSolution
		HideSolutionNode = FALSE
	EndGlobalSection
	GlobalSection(ExtensibilityGlobals) = postSolution
		SolutionGuid = {CF8AA38A-4F11-4CDF-B2E2-A3F615423918}
	EndGlobalSection
EndGlobal
